// !$*UTF8*$!
{
	archiveVersion = 1;
	classes = {
	};
	objectVersion = 56;
	objects = {

/* Begin PBXBuildFile section */
		31A91E322A9CA11E0027613B /* AppDelegate.swift in Sources */ = {isa = PBXBuildFile; fileRef = 31A91E312A9CA11E0027613B /* AppDelegate.swift */; };
		31A91E342A9CA11E0027613B /* SceneDelegate.swift in Sources */ = {isa = PBXBuildFile; fileRef = 31A91E332A9CA11E0027613B /* SceneDelegate.swift */; };
		31A91E362A9CA11E0027613B /* ViewController.swift in Sources */ = {isa = PBXBuildFile; fileRef = 31A91E352A9CA11E0027613B /* ViewController.swift */; };
		31A91E3B2A9CA1230027613B /* Assets.xcassets in Resources */ = {isa = PBXBuildFile; fileRef = 31A91E3A2A9CA1230027613B /* Assets.xcassets */; };
		31A91E3E2A9CA1230027613B /* LaunchScreen.storyboard in Resources */ = {isa = PBXBuildFile; fileRef = 31A91E3C2A9CA1230027613B /* LaunchScreen.storyboard */; };
		31A91E472A9CA25E0027613B /* MainPage.swift in Sources */ = {isa = PBXBuildFile; fileRef = 31A91E462A9CA25E0027613B /* MainPage.swift */; };
		31A91E492A9CA28D0027613B /* Detail.swift in Sources */ = {isa = PBXBuildFile; fileRef = 31A91E482A9CA28D0027613B /* Detail.swift */; };
		31A91E4C2A9CA4680027613B /* NetworkManager.swift in Sources */ = {isa = PBXBuildFile; fileRef = 31A91E4B2A9CA4680027613B /* NetworkManager.swift */; };
		31A91E4E2A9CA7110027613B /* Constants.swift in Sources */ = {isa = PBXBuildFile; fileRef = 31A91E4D2A9CA7110027613B /* Constants.swift */; };
		31A91E502A9E0F4B0027613B /* AdvertisementCell.swift in Sources */ = {isa = PBXBuildFile; fileRef = 31A91E4F2A9E0F4B0027613B /* AdvertisementCell.swift */; };
		31A91E522A9E10440027613B /* AvatarImageView.swift in Sources */ = {isa = PBXBuildFile; fileRef = 31A91E512A9E10440027613B /* AvatarImageView.swift */; };
		31A91E542A9E12610027613B /* TitleLabel.swift in Sources */ = {isa = PBXBuildFile; fileRef = 31A91E532A9E12610027613B /* TitleLabel.swift */; };
		31A91E562A9E12EA0027613B /* UIView+Ext.swift in Sources */ = {isa = PBXBuildFile; fileRef = 31A91E552A9E12EA0027613B /* UIView+Ext.swift */; };
		31A91E582A9E17480027613B /* UIHelper.swift in Sources */ = {isa = PBXBuildFile; fileRef = 31A91E572A9E17480027613B /* UIHelper.swift */; };
		31A91E5D2A9E19230027613B /* UIViewController+Ext.swift in Sources */ = {isa = PBXBuildFile; fileRef = 31A91E5C2A9E19230027613B /* UIViewController+Ext.swift */; };
		31A91E5F2A9F2E5A0027613B /* DetailViewController.swift in Sources */ = {isa = PBXBuildFile; fileRef = 31A91E5E2A9F2E5A0027613B /* DetailViewController.swift */; };
		31A91E612A9F3FA80027613B /* DetailInfoViewController.swift in Sources */ = {isa = PBXBuildFile; fileRef = 31A91E602A9F3FA80027613B /* DetailInfoViewController.swift */; };
/* End PBXBuildFile section */

/* Begin PBXFileReference section */
		31A91E2E2A9CA11E0027613B /* AvitoTechInternshipTask.app */ = {isa = PBXFileReference; explicitFileType = wrapper.application; includeInIndex = 0; path = AvitoTechInternshipTask.app; sourceTree = BUILT_PRODUCTS_DIR; };
		31A91E312A9CA11E0027613B /* AppDelegate.swift */ = {isa = PBXFileReference; lastKnownFileType = sourcecode.swift; path = AppDelegate.swift; sourceTree = "<group>"; };
		31A91E332A9CA11E0027613B /* SceneDelegate.swift */ = {isa = PBXFileReference; lastKnownFileType = sourcecode.swift; path = SceneDelegate.swift; sourceTree = "<group>"; };
		31A91E352A9CA11E0027613B /* ViewController.swift */ = {isa = PBXFileReference; lastKnownFileType = sourcecode.swift; path = ViewController.swift; sourceTree = "<group>"; };
		31A91E3A2A9CA1230027613B /* Assets.xcassets */ = {isa = PBXFileReference; lastKnownFileType = folder.assetcatalog; path = Assets.xcassets; sourceTree = "<group>"; };
		31A91E3D2A9CA1230027613B /* Base */ = {isa = PBXFileReference; lastKnownFileType = file.storyboard; name = Base; path = Base.lproj/LaunchScreen.storyboard; sourceTree = "<group>"; };
		31A91E3F2A9CA1230027613B /* Info.plist */ = {isa = PBXFileReference; lastKnownFileType = text.plist.xml; path = Info.plist; sourceTree = "<group>"; };
		31A91E462A9CA25E0027613B /* MainPage.swift */ = {isa = PBXFileReference; lastKnownFileType = sourcecode.swift; path = MainPage.swift; sourceTree = "<group>"; };
		31A91E482A9CA28D0027613B /* Detail.swift */ = {isa = PBXFileReference; lastKnownFileType = sourcecode.swift; path = Detail.swift; sourceTree = "<group>"; };
		31A91E4B2A9CA4680027613B /* NetworkManager.swift */ = {isa = PBXFileReference; lastKnownFileType = sourcecode.swift; path = NetworkManager.swift; sourceTree = "<group>"; };
		31A91E4D2A9CA7110027613B /* Constants.swift */ = {isa = PBXFileReference; lastKnownFileType = sourcecode.swift; path = Constants.swift; sourceTree = "<group>"; };
		31A91E4F2A9E0F4B0027613B /* AdvertisementCell.swift */ = {isa = PBXFileReference; lastKnownFileType = sourcecode.swift; path = AdvertisementCell.swift; sourceTree = "<group>"; };
		31A91E512A9E10440027613B /* AvatarImageView.swift */ = {isa = PBXFileReference; lastKnownFileType = sourcecode.swift; path = AvatarImageView.swift; sourceTree = "<group>"; };
		31A91E532A9E12610027613B /* TitleLabel.swift */ = {isa = PBXFileReference; lastKnownFileType = sourcecode.swift; path = TitleLabel.swift; sourceTree = "<group>"; };
		31A91E552A9E12EA0027613B /* UIView+Ext.swift */ = {isa = PBXFileReference; lastKnownFileType = sourcecode.swift; path = "UIView+Ext.swift"; sourceTree = "<group>"; };
		31A91E572A9E17480027613B /* UIHelper.swift */ = {isa = PBXFileReference; lastKnownFileType = sourcecode.swift; path = UIHelper.swift; sourceTree = "<group>"; };
		31A91E5C2A9E19230027613B /* UIViewController+Ext.swift */ = {isa = PBXFileReference; lastKnownFileType = sourcecode.swift; path = "UIViewController+Ext.swift"; sourceTree = "<group>"; };
		31A91E5E2A9F2E5A0027613B /* DetailViewController.swift */ = {isa = PBXFileReference; lastKnownFileType = sourcecode.swift; path = DetailViewController.swift; sourceTree = "<group>"; };
		31A91E602A9F3FA80027613B /* DetailInfoViewController.swift */ = {isa = PBXFileReference; lastKnownFileType = sourcecode.swift; path = DetailInfoViewController.swift; sourceTree = "<group>"; };
/* End PBXFileReference section */

/* Begin PBXFrameworksBuildPhase section */
		31A91E2B2A9CA11E0027613B /* Frameworks */ = {
			isa = PBXFrameworksBuildPhase;
			buildActionMask = 2147483647;
			files = (
			);
			runOnlyForDeploymentPostprocessing = 0;
		};
/* End PBXFrameworksBuildPhase section */

/* Begin PBXGroup section */
		31A91E252A9CA11E0027613B = {
			isa = PBXGroup;
			children = (
				31A91E302A9CA11E0027613B /* AvitoTechInternshipTask */,
				31A91E2F2A9CA11E0027613B /* Products */,
			);
			sourceTree = "<group>";
		};
		31A91E2F2A9CA11E0027613B /* Products */ = {
			isa = PBXGroup;
			children = (
				31A91E2E2A9CA11E0027613B /* AvitoTechInternshipTask.app */,
			);
			name = Products;
			sourceTree = "<group>";
		};
		31A91E302A9CA11E0027613B /* AvitoTechInternshipTask */ = {
			isa = PBXGroup;
			children = (
				31A91E632A9F72C50027613B /* Managers */,
				31A91E622A9F72AE0027613B /* Screens */,
				31A91E5B2A9E18F70027613B /* Utilities */,
				31A91E5A2A9E18AF0027613B /* Custom Views */,
				31A91E592A9E188C0027613B /* Extensions */,
				31A91E452A9CA1D40027613B /* Model */,
				31A91E4A2A9CA2C20027613B /* Support */,
			);
			path = AvitoTechInternshipTask;
			sourceTree = "<group>";
		};
		31A91E452A9CA1D40027613B /* Model */ = {
			isa = PBXGroup;
			children = (
				31A91E462A9CA25E0027613B /* MainPage.swift */,
				31A91E482A9CA28D0027613B /* Detail.swift */,
			);
			path = Model;
			sourceTree = "<group>";
		};
		31A91E4A2A9CA2C20027613B /* Support */ = {
			isa = PBXGroup;
			children = (
				31A91E332A9CA11E0027613B /* SceneDelegate.swift */,
				31A91E312A9CA11E0027613B /* AppDelegate.swift */,
				31A91E3F2A9CA1230027613B /* Info.plist */,
				31A91E3C2A9CA1230027613B /* LaunchScreen.storyboard */,
				31A91E3A2A9CA1230027613B /* Assets.xcassets */,
			);
			path = Support;
			sourceTree = "<group>";
		};
		31A91E592A9E188C0027613B /* Extensions */ = {
			isa = PBXGroup;
			children = (
				31A91E552A9E12EA0027613B /* UIView+Ext.swift */,
				31A91E5C2A9E19230027613B /* UIViewController+Ext.swift */,
			);
			path = Extensions;
			sourceTree = "<group>";
		};
		31A91E5A2A9E18AF0027613B /* Custom Views */ = {
			isa = PBXGroup;
			children = (
				31A91E4F2A9E0F4B0027613B /* AdvertisementCell.swift */,
				31A91E512A9E10440027613B /* AvatarImageView.swift */,
				31A91E532A9E12610027613B /* TitleLabel.swift */,
			);
			path = "Custom Views";
			sourceTree = "<group>";
		};
		31A91E5B2A9E18F70027613B /* Utilities */ = {
			isa = PBXGroup;
			children = (
				31A91E572A9E17480027613B /* UIHelper.swift */,
				31A91E4D2A9CA7110027613B /* Constants.swift */,
			);
			path = Utilities;
			sourceTree = "<group>";
		};
		31A91E622A9F72AE0027613B /* Screens */ = {
			isa = PBXGroup;
			children = (
				31A91E602A9F3FA80027613B /* DetailInfoViewController.swift */,
				31A91E5E2A9F2E5A0027613B /* DetailViewController.swift */,
				31A91E352A9CA11E0027613B /* ViewController.swift */,
			);
			path = Screens;
			sourceTree = "<group>";
		};
		31A91E632A9F72C50027613B /* Managers */ = {
			isa = PBXGroup;
			children = (
				31A91E4B2A9CA4680027613B /* NetworkManager.swift */,
			);
			path = Managers;
			sourceTree = "<group>";
		};
/* End PBXGroup section */

/* Begin PBXNativeTarget section */
		31A91E2D2A9CA11E0027613B /* AvitoTechInternshipTask */ = {
			isa = PBXNativeTarget;
			buildConfigurationList = 31A91E422A9CA1230027613B /* Build configuration list for PBXNativeTarget "AvitoTechInternshipTask" */;
			buildPhases = (
				31A91E2A2A9CA11E0027613B /* Sources */,
				31A91E2B2A9CA11E0027613B /* Frameworks */,
				31A91E2C2A9CA11E0027613B /* Resources */,
			);
			buildRules = (
			);
			dependencies = (
			);
			name = AvitoTechInternshipTask;
			productName = AvitoTechInternshipTask;
			productReference = 31A91E2E2A9CA11E0027613B /* AvitoTechInternshipTask.app */;
			productType = "com.apple.product-type.application";
		};
/* End PBXNativeTarget section */

/* Begin PBXProject section */
		31A91E262A9CA11E0027613B /* Project object */ = {
			isa = PBXProject;
			attributes = {
				BuildIndependentTargetsInParallel = 1;
				LastSwiftUpdateCheck = 1430;
				LastUpgradeCheck = 1430;
				TargetAttributes = {
					31A91E2D2A9CA11E0027613B = {
						CreatedOnToolsVersion = 14.3.1;
					};
				};
			};
			buildConfigurationList = 31A91E292A9CA11E0027613B /* Build configuration list for PBXProject "AvitoTechInternshipTask" */;
			compatibilityVersion = "Xcode 14.0";
			developmentRegion = en;
			hasScannedForEncodings = 0;
			knownRegions = (
				en,
				Base,
			);
			mainGroup = 31A91E252A9CA11E0027613B;
			productRefGroup = 31A91E2F2A9CA11E0027613B /* Products */;
			projectDirPath = "";
			projectRoot = "";
			targets = (
				31A91E2D2A9CA11E0027613B /* AvitoTechInternshipTask */,
			);
		};
/* End PBXProject section */

/* Begin PBXResourcesBuildPhase section */
		31A91E2C2A9CA11E0027613B /* Resources */ = {
			isa = PBXResourcesBuildPhase;
			buildActionMask = 2147483647;
			files = (
				31A91E3E2A9CA1230027613B /* LaunchScreen.storyboard in Resources */,
				31A91E3B2A9CA1230027613B /* Assets.xcassets in Resources */,
			);
			runOnlyForDeploymentPostprocessing = 0;
		};
/* End PBXResourcesBuildPhase section */

/* Begin PBXSourcesBuildPhase section */
		31A91E2A2A9CA11E0027613B /* Sources */ = {
			isa = PBXSourcesBuildPhase;
			buildActionMask = 2147483647;
			files = (
				31A91E522A9E10440027613B /* AvatarImageView.swift in Sources */,
				31A91E5D2A9E19230027613B /* UIViewController+Ext.swift in Sources */,
				31A91E562A9E12EA0027613B /* UIView+Ext.swift in Sources */,
				31A91E4C2A9CA4680027613B /* NetworkManager.swift in Sources */,
				31A91E362A9CA11E0027613B /* ViewController.swift in Sources */,
				31A91E542A9E12610027613B /* TitleLabel.swift in Sources */,
				31A91E492A9CA28D0027613B /* Detail.swift in Sources */,
				31A91E5F2A9F2E5A0027613B /* DetailViewController.swift in Sources */,
				31A91E322A9CA11E0027613B /* AppDelegate.swift in Sources */,
				31A91E342A9CA11E0027613B /* SceneDelegate.swift in Sources */,
				31A91E502A9E0F4B0027613B /* AdvertisementCell.swift in Sources */,
				31A91E612A9F3FA80027613B /* DetailInfoViewController.swift in Sources */,
				31A91E4E2A9CA7110027613B /* Constants.swift in Sources */,
				31A91E472A9CA25E0027613B /* MainPage.swift in Sources */,
				31A91E582A9E17480027613B /* UIHelper.swift in Sources */,
			);
			runOnlyForDeploymentPostprocessing = 0;
		};
/* End PBXSourcesBuildPhase section */

/* Begin PBXVariantGroup section */
		31A91E3C2A9CA1230027613B /* LaunchScreen.storyboard */ = {
			isa = PBXVariantGroup;
			children = (
				31A91E3D2A9CA1230027613B /* Base */,
			);
			name = LaunchScreen.storyboard;
			sourceTree = "<group>";
		};
/* End PBXVariantGroup section */

/* Begin XCBuildConfiguration section */
		31A91E402A9CA1230027613B /* Debug */ = {
			isa = XCBuildConfiguration;
			buildSettings = {
				ALWAYS_SEARCH_USER_PATHS = NO;
				CLANG_ANALYZER_NONNULL = YES;
				CLANG_ANALYZER_NUMBER_OBJECT_CONVERSION = YES_AGGRESSIVE;
				CLANG_CXX_LANGUAGE_STANDARD = "gnu++20";
				CLANG_ENABLE_MODULES = YES;
				CLANG_ENABLE_OBJC_ARC = YES;
				CLANG_ENABLE_OBJC_WEAK = YES;
				CLANG_WARN_BLOCK_CAPTURE_AUTORELEASING = YES;
				CLANG_WARN_BOOL_CONVERSION = YES;
				CLANG_WARN_COMMA = YES;
				CLANG_WARN_CONSTANT_CONVERSION = YES;
				CLANG_WARN_DEPRECATED_OBJC_IMPLEMENTATIONS = YES;
				CLANG_WARN_DIRECT_OBJC_ISA_USAGE = YES_ERROR;
				CLANG_WARN_DOCUMENTATION_COMMENTS = YES;
				CLANG_WARN_EMPTY_BODY = YES;
				CLANG_WARN_ENUM_CONVERSION = YES;
				CLANG_WARN_INFINITE_RECURSION = YES;
				CLANG_WARN_INT_CONVERSION = YES;
				CLANG_WARN_NON_LITERAL_NULL_CONVERSION = YES;
				CLANG_WARN_OBJC_IMPLICIT_RETAIN_SELF = YES;
				CLANG_WARN_OBJC_LITERAL_CONVERSION = YES;
				CLANG_WARN_OBJC_ROOT_CLASS = YES_ERROR;
				CLANG_WARN_QUOTED_INCLUDE_IN_FRAMEWORK_HEADER = YES;
				CLANG_WARN_RANGE_LOOP_ANALYSIS = YES;
				CLANG_WARN_STRICT_PROTOTYPES = YES;
				CLANG_WARN_SUSPICIOUS_MOVE = YES;
				CLANG_WARN_UNGUARDED_AVAILABILITY = YES_AGGRESSIVE;
				CLANG_WARN_UNREACHABLE_CODE = YES;
				CLANG_WARN__DUPLICATE_METHOD_MATCH = YES;
				COPY_PHASE_STRIP = NO;
				DEBUG_INFORMATION_FORMAT = dwarf;
				ENABLE_STRICT_OBJC_MSGSEND = YES;
				ENABLE_TESTABILITY = YES;
				GCC_C_LANGUAGE_STANDARD = gnu11;
				GCC_DYNAMIC_NO_PIC = NO;
				GCC_NO_COMMON_BLOCKS = YES;
				GCC_OPTIMIZATION_LEVEL = 0;
				GCC_PREPROCESSOR_DEFINITIONS = (
					"DEBUG=1",
					"$(inherited)",
				);
				GCC_WARN_64_TO_32_BIT_CONVERSION = YES;
				GCC_WARN_ABOUT_RETURN_TYPE = YES_ERROR;
				GCC_WARN_UNDECLARED_SELECTOR = YES;
				GCC_WARN_UNINITIALIZED_AUTOS = YES_AGGRESSIVE;
				GCC_WARN_UNUSED_FUNCTION = YES;
				GCC_WARN_UNUSED_VARIABLE = YES;
				IPHONEOS_DEPLOYMENT_TARGET = 16.4;
				MTL_ENABLE_DEBUG_INFO = INCLUDE_SOURCE;
				MTL_FAST_MATH = YES;
				ONLY_ACTIVE_ARCH = YES;
				SDKROOT = iphoneos;
				SWIFT_ACTIVE_COMPILATION_CONDITIONS = DEBUG;
				SWIFT_OPTIMIZATION_LEVEL = "-Onone";
			};
			name = Debug;
		};
		31A91E412A9CA1230027613B /* Release */ = {
			isa = XCBuildConfiguration;
			buildSettings = {
				ALWAYS_SEARCH_USER_PATHS = NO;
				CLANG_ANALYZER_NONNULL = YES;
				CLANG_ANALYZER_NUMBER_OBJECT_CONVERSION = YES_AGGRESSIVE;
				CLANG_CXX_LANGUAGE_STANDARD = "gnu++20";
				CLANG_ENABLE_MODULES = YES;
				CLANG_ENABLE_OBJC_ARC = YES;
				CLANG_ENABLE_OBJC_WEAK = YES;
				CLANG_WARN_BLOCK_CAPTURE_AUTORELEASING = YES;
				CLANG_WARN_BOOL_CONVERSION = YES;
				CLANG_WARN_COMMA = YES;
				CLANG_WARN_CONSTANT_CONVERSION = YES;
				CLANG_WARN_DEPRECATED_OBJC_IMPLEMENTATIONS = YES;
				CLANG_WARN_DIRECT_OBJC_ISA_USAGE = YES_ERROR;
				CLANG_WARN_DOCUMENTATION_COMMENTS = YES;
				CLANG_WARN_EMPTY_BODY = YES;
				CLANG_WARN_ENUM_CONVERSION = YES;
				CLANG_WARN_INFINITE_RECURSION = YES;
				CLANG_WARN_INT_CONVERSION = YES;
				CLANG_WARN_NON_LITERAL_NULL_CONVERSION = YES;
				CLANG_WARN_OBJC_IMPLICIT_RETAIN_SELF = YES;
				CLANG_WARN_OBJC_LITERAL_CONVERSION = YES;
				CLANG_WARN_OBJC_ROOT_CLASS = YES_ERROR;
				CLANG_WARN_QUOTED_INCLUDE_IN_FRAMEWORK_HEADER = YES;
				CLANG_WARN_RANGE_LOOP_ANALYSIS = YES;
				CLANG_WARN_STRICT_PROTOTYPES = YES;
				CLANG_WARN_SUSPICIOUS_MOVE = YES;
				CLANG_WARN_UNGUARDED_AVAILABILITY = YES_AGGRESSIVE;
				CLANG_WARN_UNREACHABLE_CODE = YES;
				CLANG_WARN__DUPLICATE_METHOD_MATCH = YES;
				COPY_PHASE_STRIP = NO;
				DEBUG_INFORMATION_FORMAT = "dwarf-with-dsym";
				ENABLE_NS_ASSERTIONS = NO;
				ENABLE_STRICT_OBJC_MSGSEND = YES;
				GCC_C_LANGUAGE_STANDARD = gnu11;
				GCC_NO_COMMON_BLOCKS = YES;
				GCC_WARN_64_TO_32_BIT_CONVERSION = YES;
				GCC_WARN_ABOUT_RETURN_TYPE = YES_ERROR;
				GCC_WARN_UNDECLARED_SELECTOR = YES;
				GCC_WARN_UNINITIALIZED_AUTOS = YES_AGGRESSIVE;
				GCC_WARN_UNUSED_FUNCTION = YES;
				GCC_WARN_UNUSED_VARIABLE = YES;
				IPHONEOS_DEPLOYMENT_TARGET = 16.4;
				MTL_ENABLE_DEBUG_INFO = NO;
				MTL_FAST_MATH = YES;
				SDKROOT = iphoneos;
				SWIFT_COMPILATION_MODE = wholemodule;
				SWIFT_OPTIMIZATION_LEVEL = "-O";
				VALIDATE_PRODUCT = YES;
			};
			name = Release;
		};
		31A91E432A9CA1230027613B /* Debug */ = {
			isa = XCBuildConfiguration;
			buildSettings = {
				ASSETCATALOG_COMPILER_APPICON_NAME = AppIcon;
				ASSETCATALOG_COMPILER_GLOBAL_ACCENT_COLOR_NAME = AccentColor;
				CODE_SIGN_STYLE = Automatic;
				CURRENT_PROJECT_VERSION = 1;
				DEVELOPMENT_TEAM = 24Z8S48QJ2;
				GENERATE_INFOPLIST_FILE = YES;
				INFOPLIST_FILE = AvitoTechInternshipTask/Support/Info.plist;
				INFOPLIST_KEY_UIApplicationSupportsIndirectInputEvents = YES;
				INFOPLIST_KEY_UILaunchStoryboardName = LaunchScreen;
				INFOPLIST_KEY_UISupportedInterfaceOrientations_iPad = "UIInterfaceOrientationPortrait UIInterfaceOrientationPortraitUpsideDown UIInterfaceOrientationLandscapeLeft UIInterfaceOrientationLandscapeRight";
				INFOPLIST_KEY_UISupportedInterfaceOrientations_iPhone = "UIInterfaceOrientationPortrait UIInterfaceOrientationLandscapeLeft UIInterfaceOrientationLandscapeRight";
				LD_RUNPATH_SEARCH_PATHS = (
					"$(inherited)",
					"@executable_path/Frameworks",
				);
				MARKETING_VERSION = 1.0;
				PRODUCT_BUNDLE_IDENTIFIER = com.milabochkova.AvitoTechInternshipTask;
				PRODUCT_NAME = "$(TARGET_NAME)";
				SWIFT_EMIT_LOC_STRINGS = YES;
				SWIFT_VERSION = 5.0;
				TARGETED_DEVICE_FAMILY = "1,2";
			};
			name = Debug;
		};
		31A91E442A9CA1230027613B /* Release */ = {
			isa = XCBuildConfiguration;
			buildSettings = {
				ASSETCATALOG_COMPILER_APPICON_NAME = AppIcon;
				ASSETCATALOG_COMPILER_GLOBAL_ACCENT_COLOR_NAME = AccentColor;
				CODE_SIGN_STYLE = Automatic;
				CURRENT_PROJECT_VERSION = 1;
				DEVELOPMENT_TEAM = 24Z8S48QJ2;
				GENERATE_INFOPLIST_FILE = YES;
				INFOPLIST_FILE = AvitoTechInternshipTask/Support/Info.plist;
				INFOPLIST_KEY_UIApplicationSupportsIndirectInputEvents = YES;
				INFOPLIST_KEY_UILaunchStoryboardName = LaunchScreen;
				INFOPLIST_KEY_UISupportedInterfaceOrientations_iPad = "UIInterfaceOrientationPortrait UIInterfaceOrientationPortraitUpsideDown UIInterfaceOrientationLandscapeLeft UIInterfaceOrientationLandscapeRight";
				INFOPLIST_KEY_UISupportedInterfaceOrientations_iPhone = "UIInterfaceOrientationPortrait UIInterfaceOrientationLandscapeLeft UIInterfaceOrientationLandscapeRight";
				LD_RUNPATH_SEARCH_PATHS = (
					"$(inherited)",
					"@executable_path/Frameworks",
				);
				MARKETING_VERSION = 1.0;
				PRODUCT_BUNDLE_IDENTIFIER = com.milabochkova.AvitoTechInternshipTask;
				PRODUCT_NAME = "$(TARGET_NAME)";
				SWIFT_EMIT_LOC_STRINGS = YES;
				SWIFT_VERSION = 5.0;
				TARGETED_DEVICE_FAMILY = "1,2";
			};
			name = Release;
		};
/* End XCBuildConfiguration section */

/* Begin XCConfigurationList section */
		31A91E292A9CA11E0027613B /* Build configuration list for PBXProject "AvitoTechInternshipTask" */ = {
			isa = XCConfigurationList;
			buildConfigurations = (
				31A91E402A9CA1230027613B /* Debug */,
				31A91E412A9CA1230027613B /* Release */,
			);
			defaultConfigurationIsVisible = 0;
			defaultConfigurationName = Release;
		};
		31A91E422A9CA1230027613B /* Build configuration list for PBXNativeTarget "AvitoTechInternshipTask" */ = {
			isa = XCConfigurationList;
			buildConfigurations = (
				31A91E432A9CA1230027613B /* Debug */,
				31A91E442A9CA1230027613B /* Release */,
			);
			defaultConfigurationIsVisible = 0;
			defaultConfigurationName = Release;
		};
/* End XCConfigurationList section */
	};
	rootObject = 31A91E262A9CA11E0027613B /* Project object */;
}
